
Microsoft Visual Studio Solution File, Format Version 11.00
# Visual Studio 2010
# SharpDevelop 4.2.1.8805
Project("{FD48973F-F585-4F70-812B-4D0503B36CE9}") = "pg247radio", "pg247radio.pyproj", "{09DBAF6C-2116-4CF5-AC4D-3D3633B2554E}"
EndProject
Global
	GlobalSection(SolutionConfigurationPlatforms) = preSolution
		Debug|x86 = Debug|x86
		Release|x86 = Release|x86
	EndGlobalSection
	GlobalSection(ProjectConfigurationPlatforms) = postSolution
		{09DBAF6C-2116-4CF5-AC4D-3D3633B2554E}.Debug|x86.Build.0 = Debug|x86
		{09DBAF6C-2116-4CF5-AC4D-3D3633B2554E}.Debug|x86.ActiveCfg = Debug|x86
		{09DBAF6C-2116-4CF5-AC4D-3D3633B2554E}.Release|x86.Build.0 = Release|x86
		{09DBAF6C-2116-4CF5-AC4D-3D3633B2554E}.Release|x86.ActiveCfg = Release|x86
	EndGlobalSection
EndGlobal
